
Microsoft Visual Studio Solution File, Format Version 11.00
# Visual Studio 2010
Project("{FAE04EC0-301F-11D3-BF4B-00C04F79EFBC}") = "RainhasImunologico", "RainhasImunologico\RainhasImunologico.csproj", "{41201BE3-9B44-43C7-A2F4-DF020C645493}"
EndProject
Global
	GlobalSection(SolutionConfigurationPlatforms) = preSolution
		Debug|x86 = Debug|x86
		Release|x86 = Release|x86
	EndGlobalSection
	GlobalSection(ProjectConfigurationPlatforms) = postSolution
		{41201BE3-9B44-43C7-A2F4-DF020C645493}.Debug|x86.ActiveCfg = Debug|x86
		{41201BE3-9B44-43C7-A2F4-DF020C645493}.Debug|x86.Build.0 = Debug|x86
		{41201BE3-9B44-43C7-A2F4-DF020C645493}.Release|x86.ActiveCfg = Release|x86
		{41201BE3-9B44-43C7-A2F4-DF020C645493}.Release|x86.Build.0 = Release|x86
	EndGlobalSection
	GlobalSection(MonoDevelopProperties) = preSolution
		StartupItem = RainhasImunologico\RainhasImunologico.csproj
	EndGlobalSection
EndGlobal
